PODS:
  - Alamofire (3.0.0)
  - Argo (2.1.0)
  - Curry (1.3.0)
  - Runes (3.0.0)
  - SwiftyJSON (2.3.0)

DEPENDENCIES:
  - Alamofire
  - Argo
  - Curry
  - Runes
  - SwiftyJSON (from `https://github.com/SwiftyJSON/SwiftyJSON.git`)

EXTERNAL SOURCES:
  SwiftyJSON:
    :git: https://github.com/SwiftyJSON/SwiftyJSON.git

CHECKOUT OPTIONS:
  SwiftyJSON:
    :commit: 83dc3138b14571200ea7f070933a2a510491e997
    :git: https://github.com/SwiftyJSON/SwiftyJSON.git

SPEC CHECKSUMS:
  Alamofire: b61782387f81bcc538a0284cf2bb5d7995cd0a80
  Argo: f65db7f50301f7a623514cca2b15aa63e147b91a
  Curry: 74e8d3e3c43fed131a2a87b29f613ab832623c19
  Runes: b0ffeed58b9577155e53571508b4309c904ef587
  SwiftyJSON: cacfe0373d584585716bd1d43202c24cc66afd65

COCOAPODS: 0.38.2
