// !$*UTF8*$!
{
	archiveVersion = 1;
	classes = {
	};
	objectVersion = 46;
	objects = {

/* Begin PBXBuildFile section */
		5D0784091BEA6AE900BC42AE /* ResortTableView.swift in Sources */ = {isa = PBXBuildFile; fileRef = 5D0784081BEA6AE900BC42AE /* ResortTableView.swift */; };
		5D0B42FE1BE0590000AE1CCF /* Extensions.swift in Sources */ = {isa = PBXBuildFile; fileRef = 5D0B42FD1BE0590000AE1CCF /* Extensions.swift */; };
		5D0B43051BE05CC400AE1CCF /* Main.storyboard in Resources */ = {isa = PBXBuildFile; fileRef = 5D0B43031BE05CC400AE1CCF /* Main.storyboard */; };
		5D25F9351BF4E3CC00F81406 /* LoadingIndicator.swift in Sources */ = {isa = PBXBuildFile; fileRef = 5D25F9341BF4E3CC00F81406 /* LoadingIndicator.swift */; };
		5D25F9371BF4E3D700F81406 /* LoadingIndicator.xib in Resources */ = {isa = PBXBuildFile; fileRef = 5D25F9361BF4E3D700F81406 /* LoadingIndicator.xib */; };
		5D90F11A1BC0EECF007C68EE /* QuartzCore.framework in Frameworks */ = {isa = PBXBuildFile; fileRef = 5D90F1191BC0EECF007C68EE /* QuartzCore.framework */; };
		5DACF3EB1BC0DE3600C8D018 /* ResortDetailViewController.swift in Sources */ = {isa = PBXBuildFile; fileRef = 5DACF3EA1BC0DE3600C8D018 /* ResortDetailViewController.swift */; };
		5DBB61C31BB4326A0090A34E /* AppDelegate.swift in Sources */ = {isa = PBXBuildFile; fileRef = 5DBB61C21BB4326A0090A34E /* AppDelegate.swift */; };
		5DBB61CA1BB4326A0090A34E /* Assets.xcassets in Resources */ = {isa = PBXBuildFile; fileRef = 5DBB61C91BB4326A0090A34E /* Assets.xcassets */; };
		5DBB61CD1BB4326A0090A34E /* LaunchScreen.storyboard in Resources */ = {isa = PBXBuildFile; fileRef = 5DBB61CB1BB4326A0090A34E /* LaunchScreen.storyboard */; };
		5DBB61D51BB4328F0090A34E /* RequestSnowData.swift in Sources */ = {isa = PBXBuildFile; fileRef = 5DBB61D41BB4328F0090A34E /* RequestSnowData.swift */; };
		5DBB61D71BB4329E0090A34E /* UserLocation.swift in Sources */ = {isa = PBXBuildFile; fileRef = 5DBB61D61BB4329E0090A34E /* UserLocation.swift */; };
		5DBB61D91BB432AE0090A34E /* ResortPreview.swift in Sources */ = {isa = PBXBuildFile; fileRef = 5DBB61D81BB432AE0090A34E /* ResortPreview.swift */; };
		5DC4FC3B1BC0952B0021F215 /* ResortsTableViewController.swift in Sources */ = {isa = PBXBuildFile; fileRef = 5DC4FC3A1BC0952B0021F215 /* ResortsTableViewController.swift */; };
		5DC4FC3D1BC0959F0021F215 /* ResortService.swift in Sources */ = {isa = PBXBuildFile; fileRef = 5DC4FC3C1BC0959F0021F215 /* ResortService.swift */; };
		5DC630991BE8FFC60060636B /* ScaleViewHeights.swift in Sources */ = {isa = PBXBuildFile; fileRef = 5DC630981BE8FFC60060636B /* ScaleViewHeights.swift */; };
		5DCB54301BDBC5330054A278 /* SnowLevelsView.swift in Sources */ = {isa = PBXBuildFile; fileRef = 5DCB542F1BDBC5330054A278 /* SnowLevelsView.swift */; };
		5DCB54321BDBC5480054A278 /* SnowLevelsView.xib in Resources */ = {isa = PBXBuildFile; fileRef = 5DCB54311BDBC5480054A278 /* SnowLevelsView.xib */; };
		5DCD5DC51BE6B5760094FD65 /* CircularStd-Bold.otf in Resources */ = {isa = PBXBuildFile; fileRef = 5DCD5DC41BE6B5760094FD65 /* CircularStd-Bold.otf */; };
		5DCD5DC71BE7035B0094FD65 /* ResortNavigationController.swift in Sources */ = {isa = PBXBuildFile; fileRef = 5DCD5DC61BE7035B0094FD65 /* ResortNavigationController.swift */; };
		5DCD5DC91BE712D80094FD65 /* ResortNavigationItem.swift in Sources */ = {isa = PBXBuildFile; fileRef = 5DCD5DC81BE712D80094FD65 /* ResortNavigationItem.swift */; };
		5DF436651BE9A8CF0063AEE5 /* ResortTableViewCell.swift in Sources */ = {isa = PBXBuildFile; fileRef = 5DF436631BE9A8CF0063AEE5 /* ResortTableViewCell.swift */; };
		5DF436661BE9A8CF0063AEE5 /* ResortTableViewCell.xib in Resources */ = {isa = PBXBuildFile; fileRef = 5DF436641BE9A8CF0063AEE5 /* ResortTableViewCell.xib */; };
		5DF436681BE9AE9F0063AEE5 /* Aspen.gpx in Resources */ = {isa = PBXBuildFile; fileRef = 5DF436671BE9AE9F0063AEE5 /* Aspen.gpx */; };
		91F0BB8DE314490D76840722 /* Pods.framework in Frameworks */ = {isa = PBXBuildFile; fileRef = 60B11DCEDFE7B939252A0265 /* Pods.framework */; };
/* End PBXBuildFile section */

/* Begin PBXFileReference section */
		5D0784081BEA6AE900BC42AE /* ResortTableView.swift */ = {isa = PBXFileReference; fileEncoding = 4; lastKnownFileType = sourcecode.swift; path = ResortTableView.swift; sourceTree = "<group>"; };
		5D0B42FD1BE0590000AE1CCF /* Extensions.swift */ = {isa = PBXFileReference; fileEncoding = 4; lastKnownFileType = sourcecode.swift; path = Extensions.swift; sourceTree = "<group>"; };
		5D0B43041BE05CC400AE1CCF /* Base */ = {isa = PBXFileReference; lastKnownFileType = file.storyboard; name = Base; path = Base.lproj/Main.storyboard; sourceTree = "<group>"; };
		5D25F9341BF4E3CC00F81406 /* LoadingIndicator.swift */ = {isa = PBXFileReference; fileEncoding = 4; lastKnownFileType = sourcecode.swift; path = LoadingIndicator.swift; sourceTree = "<group>"; };
		5D25F9361BF4E3D700F81406 /* LoadingIndicator.xib */ = {isa = PBXFileReference; fileEncoding = 4; lastKnownFileType = file.xib; path = LoadingIndicator.xib; sourceTree = "<group>"; };
		5D90F1191BC0EECF007C68EE /* QuartzCore.framework */ = {isa = PBXFileReference; lastKnownFileType = wrapper.framework; name = QuartzCore.framework; path = System/Library/Frameworks/QuartzCore.framework; sourceTree = SDKROOT; };
		5DACF3EA1BC0DE3600C8D018 /* ResortDetailViewController.swift */ = {isa = PBXFileReference; fileEncoding = 4; lastKnownFileType = sourcecode.swift; path = ResortDetailViewController.swift; sourceTree = "<group>"; };
		5DBB61BF1BB4326A0090A34E /* Snowcast.app */ = {isa = PBXFileReference; explicitFileType = wrapper.application; includeInIndex = 0; path = Snowcast.app; sourceTree = BUILT_PRODUCTS_DIR; };
		5DBB61C21BB4326A0090A34E /* AppDelegate.swift */ = {isa = PBXFileReference; lastKnownFileType = sourcecode.swift; path = AppDelegate.swift; sourceTree = "<group>"; };
		5DBB61C91BB4326A0090A34E /* Assets.xcassets */ = {isa = PBXFileReference; lastKnownFileType = folder.assetcatalog; path = Assets.xcassets; sourceTree = "<group>"; };
		5DBB61CC1BB4326A0090A34E /* Base */ = {isa = PBXFileReference; lastKnownFileType = file.storyboard; name = Base; path = Base.lproj/LaunchScreen.storyboard; sourceTree = "<group>"; };
		5DBB61CE1BB4326A0090A34E /* Info.plist */ = {isa = PBXFileReference; lastKnownFileType = text.plist.xml; path = Info.plist; sourceTree = "<group>"; };
		5DBB61D41BB4328F0090A34E /* RequestSnowData.swift */ = {isa = PBXFileReference; fileEncoding = 4; lastKnownFileType = sourcecode.swift; path = RequestSnowData.swift; sourceTree = "<group>"; };
		5DBB61D61BB4329E0090A34E /* UserLocation.swift */ = {isa = PBXFileReference; fileEncoding = 4; lastKnownFileType = sourcecode.swift; path = UserLocation.swift; sourceTree = "<group>"; };
		5DBB61D81BB432AE0090A34E /* ResortPreview.swift */ = {isa = PBXFileReference; fileEncoding = 4; lastKnownFileType = sourcecode.swift; path = ResortPreview.swift; sourceTree = "<group>"; };
		5DC4FC3A1BC0952B0021F215 /* ResortsTableViewController.swift */ = {isa = PBXFileReference; fileEncoding = 4; lastKnownFileType = sourcecode.swift; path = ResortsTableViewController.swift; sourceTree = "<group>"; };
		5DC4FC3C1BC0959F0021F215 /* ResortService.swift */ = {isa = PBXFileReference; fileEncoding = 4; lastKnownFileType = sourcecode.swift; path = ResortService.swift; sourceTree = "<group>"; };
		5DC630981BE8FFC60060636B /* ScaleViewHeights.swift */ = {isa = PBXFileReference; fileEncoding = 4; lastKnownFileType = sourcecode.swift; path = ScaleViewHeights.swift; sourceTree = "<group>"; };
		5DCB542F1BDBC5330054A278 /* SnowLevelsView.swift */ = {isa = PBXFileReference; fileEncoding = 4; lastKnownFileType = sourcecode.swift; path = SnowLevelsView.swift; sourceTree = "<group>"; };
		5DCB54311BDBC5480054A278 /* SnowLevelsView.xib */ = {isa = PBXFileReference; fileEncoding = 4; lastKnownFileType = file.xib; path = SnowLevelsView.xib; sourceTree = "<group>"; };
		5DCD5DC41BE6B5760094FD65 /* CircularStd-Bold.otf */ = {isa = PBXFileReference; lastKnownFileType = file; path = "CircularStd-Bold.otf"; sourceTree = "<group>"; };
		5DCD5DC61BE7035B0094FD65 /* ResortNavigationController.swift */ = {isa = PBXFileReference; fileEncoding = 4; lastKnownFileType = sourcecode.swift; path = ResortNavigationController.swift; sourceTree = "<group>"; };
		5DCD5DC81BE712D80094FD65 /* ResortNavigationItem.swift */ = {isa = PBXFileReference; fileEncoding = 4; lastKnownFileType = sourcecode.swift; path = ResortNavigationItem.swift; sourceTree = "<group>"; };
		5DF436631BE9A8CF0063AEE5 /* ResortTableViewCell.swift */ = {isa = PBXFileReference; fileEncoding = 4; lastKnownFileType = sourcecode.swift; path = ResortTableViewCell.swift; sourceTree = "<group>"; };
		5DF436641BE9A8CF0063AEE5 /* ResortTableViewCell.xib */ = {isa = PBXFileReference; fileEncoding = 4; lastKnownFileType = file.xib; path = ResortTableViewCell.xib; sourceTree = "<group>"; };
		5DF436671BE9AE9F0063AEE5 /* Aspen.gpx */ = {isa = PBXFileReference; fileEncoding = 4; lastKnownFileType = text.xml; path = Aspen.gpx; sourceTree = "<group>"; };
		60B11DCEDFE7B939252A0265 /* Pods.framework */ = {isa = PBXFileReference; explicitFileType = wrapper.framework; includeInIndex = 0; path = Pods.framework; sourceTree = BUILT_PRODUCTS_DIR; };
		632117D3FC8134AEE7412EA6 /* Pods.debug.xcconfig */ = {isa = PBXFileReference; includeInIndex = 1; lastKnownFileType = text.xcconfig; name = Pods.debug.xcconfig; path = "Pods/Target Support Files/Pods/Pods.debug.xcconfig"; sourceTree = "<group>"; };
		7CFB57AB22AA21FF766E5B0A /* Pods.release.xcconfig */ = {isa = PBXFileReference; includeInIndex = 1; lastKnownFileType = text.xcconfig; name = Pods.release.xcconfig; path = "Pods/Target Support Files/Pods/Pods.release.xcconfig"; sourceTree = "<group>"; };
		BA404CCF1B4D0A1C0E4BB0DF /* Burlington.gpx */ = {isa = PBXFileReference; fileEncoding = 4; lastKnownFileType = gpx; path = Burlington.gpx; sourceTree = "<group>"; };
/* End PBXFileReference section */

/* Begin PBXFrameworksBuildPhase section */
		5DBB61BC1BB4326A0090A34E /* Frameworks */ = {
			isa = PBXFrameworksBuildPhase;
			buildActionMask = 2147483647;
			files = (
				5D90F11A1BC0EECF007C68EE /* QuartzCore.framework in Frameworks */,
				91F0BB8DE314490D76840722 /* Pods.framework in Frameworks */,
			);
			runOnlyForDeploymentPostprocessing = 0;
		};
/* End PBXFrameworksBuildPhase section */

/* Begin PBXGroup section */
		2D4A6CCACD68B5C2A9DC4D3A /* Pods */ = {
			isa = PBXGroup;
			children = (
				632117D3FC8134AEE7412EA6 /* Pods.debug.xcconfig */,
				7CFB57AB22AA21FF766E5B0A /* Pods.release.xcconfig */,
			);
			name = Pods;
			sourceTree = "<group>";
		};
		53E52C2BB7D62E4CE62BE87F /* GPX */ = {
			isa = PBXGroup;
			children = (
				BA404CCF1B4D0A1C0E4BB0DF /* Burlington.gpx */,
			);
			path = GPX;
			sourceTree = "<group>";
		};
		5DACF3E61BC0D9C100C8D018 /* Storyboards */ = {
			isa = PBXGroup;
			children = (
				5D0B43031BE05CC400AE1CCF /* Main.storyboard */,
				5DBB61CB1BB4326A0090A34E /* LaunchScreen.storyboard */,
				5D25F9341BF4E3CC00F81406 /* LoadingIndicator.swift */,
				5D25F9361BF4E3D700F81406 /* LoadingIndicator.xib */,
			);
			name = Storyboards;
			sourceTree = "<group>";
		};
		5DACF3E71BC0D9CB00C8D018 /* ViewControllers */ = {
			isa = PBXGroup;
			children = (
				5DACF3EA1BC0DE3600C8D018 /* ResortDetailViewController.swift */,
				5DC630981BE8FFC60060636B /* ScaleViewHeights.swift */,
				5DC4FC3A1BC0952B0021F215 /* ResortsTableViewController.swift */,
				5D0784081BEA6AE900BC42AE /* ResortTableView.swift */,
				5DACF3E91BC0D9E200C8D018 /* Resources */,
			);
			name = ViewControllers;
			sourceTree = "<group>";
		};
		5DACF3E81BC0D9D900C8D018 /* Models */ = {
			isa = PBXGroup;
			children = (
				5DBB61D41BB4328F0090A34E /* RequestSnowData.swift */,
				5DC4FC3C1BC0959F0021F215 /* ResortService.swift */,
				5DCB542F1BDBC5330054A278 /* SnowLevelsView.swift */,
				5D0B42FD1BE0590000AE1CCF /* Extensions.swift */,
				5DCB54311BDBC5480054A278 /* SnowLevelsView.xib */,
				5DBB61D61BB4329E0090A34E /* UserLocation.swift */,
				5DBB61D81BB432AE0090A34E /* ResortPreview.swift */,
				5DF436631BE9A8CF0063AEE5 /* ResortTableViewCell.swift */,
				5DF436671BE9AE9F0063AEE5 /* Aspen.gpx */,
				5DF436641BE9A8CF0063AEE5 /* ResortTableViewCell.xib */,
			);
			name = Models;
			sourceTree = "<group>";
		};
		5DACF3E91BC0D9E200C8D018 /* Resources */ = {
			isa = PBXGroup;
			children = (
				5DBB61CE1BB4326A0090A34E /* Info.plist */,
			);
			name = Resources;
			sourceTree = "<group>";
		};
		5DBB61B61BB4326A0090A34E = {
			isa = PBXGroup;
			children = (
				A9864436B632EB42BD1D23FC /* Frameworks */,
				2D4A6CCACD68B5C2A9DC4D3A /* Pods */,
				5DBB61C01BB4326A0090A34E /* Products */,
				5DBB61C11BB4326A0090A34E /* Snowcast */,
				53E52C2BB7D62E4CE62BE87F /* GPX */,
			);
			sourceTree = "<group>";
		};
		5DBB61C01BB4326A0090A34E /* Products */ = {
			isa = PBXGroup;
			children = (
				5DBB61BF1BB4326A0090A34E /* Snowcast.app */,
			);
			name = Products;
			sourceTree = "<group>";
		};
		5DBB61C11BB4326A0090A34E /* Snowcast */ = {
			isa = PBXGroup;
			children = (
				5DCD5DC41BE6B5760094FD65 /* CircularStd-Bold.otf */,
				5DBB61C21BB4326A0090A34E /* AppDelegate.swift */,
				5DACF3E81BC0D9D900C8D018 /* Models */,
				5DACF3E61BC0D9C100C8D018 /* Storyboards */,
				5DBB61C91BB4326A0090A34E /* Assets.xcassets */,
				5DACF3E71BC0D9CB00C8D018 /* ViewControllers */,
				5DCD5DC61BE7035B0094FD65 /* ResortNavigationController.swift */,
				5DCD5DC81BE712D80094FD65 /* ResortNavigationItem.swift */,
			);
			path = Snowcast;
			sourceTree = "<group>";
		};
		A9864436B632EB42BD1D23FC /* Frameworks */ = {
			isa = PBXGroup;
			children = (
				5D90F1191BC0EECF007C68EE /* QuartzCore.framework */,
				60B11DCEDFE7B939252A0265 /* Pods.framework */,
			);
			name = Frameworks;
			sourceTree = "<group>";
		};
/* End PBXGroup section */

/* Begin PBXNativeTarget section */
		5DBB61BE1BB4326A0090A34E /* Snowcast */ = {
			isa = PBXNativeTarget;
			buildConfigurationList = 5DBB61D11BB4326A0090A34E /* Build configuration list for PBXNativeTarget "Snowcast" */;
			buildPhases = (
				A7B945A3E779762B9C1C37A4 /* Check Pods Manifest.lock */,
				5DBB61BB1BB4326A0090A34E /* Sources */,
				5DBB61BC1BB4326A0090A34E /* Frameworks */,
				5DBB61BD1BB4326A0090A34E /* Resources */,
				5FD9E625CA406014BCE8116E /* Embed Pods Frameworks */,
				C99B794DBAFE4D28272EEB8B /* Copy Pods Resources */,
			);
			buildRules = (
			);
			dependencies = (
			);
			name = Snowcast;
			productName = Snowcast;
			productReference = 5DBB61BF1BB4326A0090A34E /* Snowcast.app */;
			productType = "com.apple.product-type.application";
		};
/* End PBXNativeTarget section */

/* Begin PBXProject section */
		5DBB61B71BB4326A0090A34E /* Project object */ = {
			isa = PBXProject;
			attributes = {
				LastUpgradeCheck = 0700;
				ORGANIZATIONNAME = "Ryan Coughlin";
				TargetAttributes = {
					5DBB61BE1BB4326A0090A34E = {
						CreatedOnToolsVersion = 7.0;
					};
				};
			};
			buildConfigurationList = 5DBB61BA1BB4326A0090A34E /* Build configuration list for PBXProject "Snowcast" */;
			compatibilityVersion = "Xcode 3.2";
			developmentRegion = English;
			hasScannedForEncodings = 0;
			knownRegions = (
				en,
				Base,
			);
			mainGroup = 5DBB61B61BB4326A0090A34E;
			productRefGroup = 5DBB61C01BB4326A0090A34E /* Products */;
			projectDirPath = "";
			projectRoot = "";
			targets = (
				5DBB61BE1BB4326A0090A34E /* Snowcast */,
			);
		};
/* End PBXProject section */

/* Begin PBXResourcesBuildPhase section */
		5DBB61BD1BB4326A0090A34E /* Resources */ = {
			isa = PBXResourcesBuildPhase;
			buildActionMask = 2147483647;
			files = (
				5D25F9371BF4E3D700F81406 /* LoadingIndicator.xib in Resources */,
				5DCD5DC51BE6B5760094FD65 /* CircularStd-Bold.otf in Resources */,
				5DF436681BE9AE9F0063AEE5 /* Aspen.gpx in Resources */,
				5DBB61CD1BB4326A0090A34E /* LaunchScreen.storyboard in Resources */,
				5D0B43051BE05CC400AE1CCF /* Main.storyboard in Resources */,
				5DCB54321BDBC5480054A278 /* SnowLevelsView.xib in Resources */,
				5DF436661BE9A8CF0063AEE5 /* ResortTableViewCell.xib in Resources */,
				5DBB61CA1BB4326A0090A34E /* Assets.xcassets in Resources */,
			);
			runOnlyForDeploymentPostprocessing = 0;
		};
/* End PBXResourcesBuildPhase section */

/* Begin PBXShellScriptBuildPhase section */
		5FD9E625CA406014BCE8116E /* Embed Pods Frameworks */ = {
			isa = PBXShellScriptBuildPhase;
			buildActionMask = 2147483647;
			files = (
			);
			inputPaths = (
			);
			name = "Embed Pods Frameworks";
			outputPaths = (
			);
			runOnlyForDeploymentPostprocessing = 0;
			shellPath = /bin/sh;
			shellScript = "\"${SRCROOT}/Pods/Target Support Files/Pods/Pods-frameworks.sh\"\n";
			showEnvVarsInLog = 0;
		};
		A7B945A3E779762B9C1C37A4 /* Check Pods Manifest.lock */ = {
			isa = PBXShellScriptBuildPhase;
			buildActionMask = 2147483647;
			files = (
			);
			inputPaths = (
			);
			name = "Check Pods Manifest.lock";
			outputPaths = (
			);
			runOnlyForDeploymentPostprocessing = 0;
			shellPath = /bin/sh;
			shellScript = "diff \"${PODS_ROOT}/../Podfile.lock\" \"${PODS_ROOT}/Manifest.lock\" > /dev/null\nif [[ $? != 0 ]] ; then\n    cat << EOM\nerror: The sandbox is not in sync with the Podfile.lock. Run 'pod install' or update your CocoaPods installation.\nEOM\n    exit 1\nfi\n";
			showEnvVarsInLog = 0;
		};
		C99B794DBAFE4D28272EEB8B /* Copy Pods Resources */ = {
			isa = PBXShellScriptBuildPhase;
			buildActionMask = 2147483647;
			files = (
			);
			inputPaths = (
			);
			name = "Copy Pods Resources";
			outputPaths = (
			);
			runOnlyForDeploymentPostprocessing = 0;
			shellPath = /bin/sh;
			shellScript = "\"${SRCROOT}/Pods/Target Support Files/Pods/Pods-resources.sh\"\n";
			showEnvVarsInLog = 0;
		};
/* End PBXShellScriptBuildPhase section */

/* Begin PBXSourcesBuildPhase section */
		5DBB61BB1BB4326A0090A34E /* Sources */ = {
			isa = PBXSourcesBuildPhase;
			buildActionMask = 2147483647;
			files = (
				5D0784091BEA6AE900BC42AE /* ResortTableView.swift in Sources */,
				5DACF3EB1BC0DE3600C8D018 /* ResortDetailViewController.swift in Sources */,
				5DBB61D51BB4328F0090A34E /* RequestSnowData.swift in Sources */,
				5DCB54301BDBC5330054A278 /* SnowLevelsView.swift in Sources */,
				5DF436651BE9A8CF0063AEE5 /* ResortTableViewCell.swift in Sources */,
				5DC4FC3D1BC0959F0021F215 /* ResortService.swift in Sources */,
				5DC630991BE8FFC60060636B /* ScaleViewHeights.swift in Sources */,
				5DCD5DC71BE7035B0094FD65 /* ResortNavigationController.swift in Sources */,
				5D0B42FE1BE0590000AE1CCF /* Extensions.swift in Sources */,
				5DBB61D71BB4329E0090A34E /* UserLocation.swift in Sources */,
				5DC4FC3B1BC0952B0021F215 /* ResortsTableViewController.swift in Sources */,
				5DCD5DC91BE712D80094FD65 /* ResortNavigationItem.swift in Sources */,
				5D25F9351BF4E3CC00F81406 /* LoadingIndicator.swift in Sources */,
				5DBB61D91BB432AE0090A34E /* ResortPreview.swift in Sources */,
				5DBB61C31BB4326A0090A34E /* AppDelegate.swift in Sources */,
			);
			runOnlyForDeploymentPostprocessing = 0;
		};
/* End PBXSourcesBuildPhase section */

/* Begin PBXVariantGroup section */
		5D0B43031BE05CC400AE1CCF /* Main.storyboard */ = {
			isa = PBXVariantGroup;
			children = (
				5D0B43041BE05CC400AE1CCF /* Base */,
			);
			name = Main.storyboard;
			sourceTree = "<group>";
		};
		5DBB61CB1BB4326A0090A34E /* LaunchScreen.storyboard */ = {
			isa = PBXVariantGroup;
			children = (
				5DBB61CC1BB4326A0090A34E /* Base */,
			);
			name = LaunchScreen.storyboard;
			sourceTree = "<group>";
		};
/* End PBXVariantGroup section */

/* Begin XCBuildConfiguration section */
		5DBB61CF1BB4326A0090A34E /* Debug */ = {
			isa = XCBuildConfiguration;
			buildSettings = {
				ALWAYS_SEARCH_USER_PATHS = NO;
				CLANG_CXX_LANGUAGE_STANDARD = "gnu++0x";
				CLANG_CXX_LIBRARY = "libc++";
				CLANG_ENABLE_MODULES = YES;
				CLANG_ENABLE_OBJC_ARC = YES;
				CLANG_WARN_BOOL_CONVERSION = YES;
				CLANG_WARN_CONSTANT_CONVERSION = YES;
				CLANG_WARN_DIRECT_OBJC_ISA_USAGE = YES_ERROR;
				CLANG_WARN_EMPTY_BODY = YES;
				CLANG_WARN_ENUM_CONVERSION = YES;
				CLANG_WARN_INT_CONVERSION = YES;
				CLANG_WARN_OBJC_ROOT_CLASS = YES_ERROR;
				CLANG_WARN_UNREACHABLE_CODE = YES;
				CLANG_WARN__DUPLICATE_METHOD_MATCH = YES;
				"CODE_SIGN_IDENTITY[sdk=iphoneos*]" = "iPhone Developer";
				COPY_PHASE_STRIP = NO;
				DEBUG_INFORMATION_FORMAT = dwarf;
				ENABLE_STRICT_OBJC_MSGSEND = YES;
				ENABLE_TESTABILITY = YES;
				GCC_C_LANGUAGE_STANDARD = gnu99;
				GCC_DYNAMIC_NO_PIC = NO;
				GCC_NO_COMMON_BLOCKS = YES;
				GCC_OPTIMIZATION_LEVEL = 0;
				GCC_PREPROCESSOR_DEFINITIONS = (
					"DEBUG=1",
					"$(inherited)",
				);
				GCC_WARN_64_TO_32_BIT_CONVERSION = YES;
				GCC_WARN_ABOUT_RETURN_TYPE = YES_ERROR;
				GCC_WARN_UNDECLARED_SELECTOR = YES;
				GCC_WARN_UNINITIALIZED_AUTOS = YES_AGGRESSIVE;
				GCC_WARN_UNUSED_FUNCTION = YES;
				GCC_WARN_UNUSED_VARIABLE = YES;
				IPHONEOS_DEPLOYMENT_TARGET = 9.0;
				MTL_ENABLE_DEBUG_INFO = YES;
				ONLY_ACTIVE_ARCH = YES;
				SDKROOT = iphoneos;
				SWIFT_OPTIMIZATION_LEVEL = "-Onone";
			};
			name = Debug;
		};
		5DBB61D01BB4326A0090A34E /* Release */ = {
			isa = XCBuildConfiguration;
			buildSettings = {
				ALWAYS_SEARCH_USER_PATHS = NO;
				CLANG_CXX_LANGUAGE_STANDARD = "gnu++0x";
				CLANG_CXX_LIBRARY = "libc++";
				CLANG_ENABLE_MODULES = YES;
				CLANG_ENABLE_OBJC_ARC = YES;
				CLANG_WARN_BOOL_CONVERSION = YES;
				CLANG_WARN_CONSTANT_CONVERSION = YES;
				CLANG_WARN_DIRECT_OBJC_ISA_USAGE = YES_ERROR;
				CLANG_WARN_EMPTY_BODY = YES;
				CLANG_WARN_ENUM_CONVERSION = YES;
				CLANG_WARN_INT_CONVERSION = YES;
				CLANG_WARN_OBJC_ROOT_CLASS = YES_ERROR;
				CLANG_WARN_UNREACHABLE_CODE = YES;
				CLANG_WARN__DUPLICATE_METHOD_MATCH = YES;
				"CODE_SIGN_IDENTITY[sdk=iphoneos*]" = "iPhone Developer";
				COPY_PHASE_STRIP = NO;
				DEBUG_INFORMATION_FORMAT = "dwarf-with-dsym";
				ENABLE_NS_ASSERTIONS = NO;
				ENABLE_STRICT_OBJC_MSGSEND = YES;
				GCC_C_LANGUAGE_STANDARD = gnu99;
				GCC_NO_COMMON_BLOCKS = YES;
				GCC_WARN_64_TO_32_BIT_CONVERSION = YES;
				GCC_WARN_ABOUT_RETURN_TYPE = YES_ERROR;
				GCC_WARN_UNDECLARED_SELECTOR = YES;
				GCC_WARN_UNINITIALIZED_AUTOS = YES_AGGRESSIVE;
				GCC_WARN_UNUSED_FUNCTION = YES;
				GCC_WARN_UNUSED_VARIABLE = YES;
				IPHONEOS_DEPLOYMENT_TARGET = 9.0;
				MTL_ENABLE_DEBUG_INFO = NO;
				SDKROOT = iphoneos;
				VALIDATE_PRODUCT = YES;
			};
			name = Release;
		};
		5DBB61D21BB4326A0090A34E /* Debug */ = {
			isa = XCBuildConfiguration;
			baseConfigurationReference = 632117D3FC8134AEE7412EA6 /* Pods.debug.xcconfig */;
			buildSettings = {
				ASSETCATALOG_COMPILER_APPICON_NAME = AppIcon;
				INFOPLIST_FILE = Snowcast/Info.plist;
				LD_RUNPATH_SEARCH_PATHS = "$(inherited) @executable_path/Frameworks $(CONFIGURATION_BUILD_DIR)";
				PRODUCT_BUNDLE_IDENTIFIER = catonthecouch.Snowcast;
				PRODUCT_NAME = "$(TARGET_NAME)";
			};
			name = Debug;
		};
		5DBB61D31BB4326A0090A34E /* Release */ = {
			isa = XCBuildConfiguration;
			baseConfigurationReference = 7CFB57AB22AA21FF766E5B0A /* Pods.release.xcconfig */;
			buildSettings = {
				ASSETCATALOG_COMPILER_APPICON_NAME = AppIcon;
				INFOPLIST_FILE = Snowcast/Info.plist;
				LD_RUNPATH_SEARCH_PATHS = "$(inherited) @executable_path/Frameworks $(CONFIGURATION_BUILD_DIR)";
				PRODUCT_BUNDLE_IDENTIFIER = catonthecouch.Snowcast;
				PRODUCT_NAME = "$(TARGET_NAME)";
			};
			name = Release;
		};
/* End XCBuildConfiguration section */

/* Begin XCConfigurationList section */
		5DBB61BA1BB4326A0090A34E /* Build configuration list for PBXProject "Snowcast" */ = {
			isa = XCConfigurationList;
			buildConfigurations = (
				5DBB61CF1BB4326A0090A34E /* Debug */,
				5DBB61D01BB4326A0090A34E /* Release */,
			);
			defaultConfigurationIsVisible = 0;
			defaultConfigurationName = Release;
		};
		5DBB61D11BB4326A0090A34E /* Build configuration list for PBXNativeTarget "Snowcast" */ = {
			isa = XCConfigurationList;
			buildConfigurations = (
				5DBB61D21BB4326A0090A34E /* Debug */,
				5DBB61D31BB4326A0090A34E /* Release */,
			);
			defaultConfigurationIsVisible = 0;
			defaultConfigurationName = Release;
		};
/* End XCConfigurationList section */
	};
	rootObject = 5DBB61B71BB4326A0090A34E /* Project object */;
}
