// !$*UTF8*$!
{
	archiveVersion = 1;
	classes = {
	};
	objectVersion = 46;
	objects = {

/* Begin PBXBuildFile section */
		5D11183B1BB22248001B2A28 /* UserLocation.swift in Sources */ = {isa = PBXBuildFile; fileRef = 5D11183A1BB22248001B2A28 /* UserLocation.swift */; settings = {ASSET_TAGS = (); }; };
		5D48EAE21BB2186900636D4C /* AppDelegate.swift in Sources */ = {isa = PBXBuildFile; fileRef = 5D48EAE11BB2186900636D4C /* AppDelegate.swift */; };
		5D48EAE91BB2186900636D4C /* Assets.xcassets in Resources */ = {isa = PBXBuildFile; fileRef = 5D48EAE81BB2186900636D4C /* Assets.xcassets */; };
		5D48EAEC1BB2186900636D4C /* LaunchScreen.storyboard in Resources */ = {isa = PBXBuildFile; fileRef = 5D48EAEA1BB2186900636D4C /* LaunchScreen.storyboard */; };
		5D4E7AC31BB30B85002DF996 /* Main.storyboard in Resources */ = {isa = PBXBuildFile; fileRef = 5D4E7AC21BB30B85002DF996 /* Main.storyboard */; settings = {ASSET_TAGS = (); }; };
		5D7EE0D21BB3102D00706879 /* ViewController.swift in Sources */ = {isa = PBXBuildFile; fileRef = 5D7EE0D01BB3102D00706879 /* ViewController.swift */; settings = {ASSET_TAGS = (); }; };
/* End PBXBuildFile section */

/* Begin PBXFileReference section */
		5D11183A1BB22248001B2A28 /* UserLocation.swift */ = {isa = PBXFileReference; fileEncoding = 4; lastKnownFileType = sourcecode.swift; name = UserLocation.swift; path = Services/UserLocation.swift; sourceTree = "<group>"; };
		5D48EADE1BB2186900636D4C /* Snowcast.app */ = {isa = PBXFileReference; explicitFileType = wrapper.application; includeInIndex = 0; path = Snowcast.app; sourceTree = BUILT_PRODUCTS_DIR; };
		5D48EAE11BB2186900636D4C /* AppDelegate.swift */ = {isa = PBXFileReference; lastKnownFileType = sourcecode.swift; path = AppDelegate.swift; sourceTree = "<group>"; };
		5D48EAE81BB2186900636D4C /* Assets.xcassets */ = {isa = PBXFileReference; lastKnownFileType = folder.assetcatalog; path = Assets.xcassets; sourceTree = "<group>"; };
		5D48EAEB1BB2186900636D4C /* Base */ = {isa = PBXFileReference; lastKnownFileType = file.storyboard; name = Base; path = Base.lproj/LaunchScreen.storyboard; sourceTree = "<group>"; };
		5D48EAED1BB2186900636D4C /* Info.plist */ = {isa = PBXFileReference; lastKnownFileType = text.plist.xml; path = Info.plist; sourceTree = "<group>"; };
		5D4E7AC21BB30B85002DF996 /* Main.storyboard */ = {isa = PBXFileReference; fileEncoding = 4; lastKnownFileType = file.storyboard; name = Main.storyboard; path = Storyboards/Main.storyboard; sourceTree = "<group>"; };
		5D7EE0D01BB3102D00706879 /* ViewController.swift */ = {isa = PBXFileReference; fileEncoding = 4; lastKnownFileType = sourcecode.swift; path = ViewController.swift; sourceTree = "<group>"; };
/* End PBXFileReference section */

/* Begin PBXFrameworksBuildPhase section */
		5D48EADB1BB2186900636D4C /* Frameworks */ = {
			isa = PBXFrameworksBuildPhase;
			buildActionMask = 2147483647;
			files = (
			);
			runOnlyForDeploymentPostprocessing = 0;
		};
/* End PBXFrameworksBuildPhase section */

/* Begin PBXGroup section */
		5D11183C1BB2224E001B2A28 /* Services */ = {
			isa = PBXGroup;
			children = (
				5D11183A1BB22248001B2A28 /* UserLocation.swift */,
			);
			name = Services;
			sourceTree = "<group>";
		};
		5D48EAD51BB2186800636D4C = {
			isa = PBXGroup;
			children = (
				5D48EAE01BB2186900636D4C /* Snowcast */,
				5D48EADF1BB2186900636D4C /* Products */,
			);
			sourceTree = "<group>";
		};
		5D48EADF1BB2186900636D4C /* Products */ = {
			isa = PBXGroup;
			children = (
				5D48EADE1BB2186900636D4C /* Snowcast.app */,
			);
			name = Products;
			sourceTree = "<group>";
		};
		5D48EAE01BB2186900636D4C /* Snowcast */ = {
			isa = PBXGroup;
			children = (
				5D48EAE11BB2186900636D4C /* AppDelegate.swift */,
				5D6041131BB36B5100DE92E3 /* ViewControllers */,
				5D11183C1BB2224E001B2A28 /* Services */,
				5D48EAE81BB2186900636D4C /* Assets.xcassets */,
				5D6041121BB36B4700DE92E3 /* Storyboard */,
				5D48EAED1BB2186900636D4C /* Info.plist */,
			);
			path = Snowcast;
			sourceTree = "<group>";
		};
		5D6041121BB36B4700DE92E3 /* Storyboard */ = {
			isa = PBXGroup;
			children = (
				5D4E7AC21BB30B85002DF996 /* Main.storyboard */,
				5D48EAEA1BB2186900636D4C /* LaunchScreen.storyboard */,
			);
			name = Storyboard;
			sourceTree = "<group>";
		};
		5D6041131BB36B5100DE92E3 /* ViewControllers */ = {
			isa = PBXGroup;
			children = (
				5D7EE0D01BB3102D00706879 /* ViewController.swift */,
			);
			name = ViewControllers;
			sourceTree = "<group>";
		};
/* End PBXGroup section */

/* Begin PBXNativeTarget section */
		5D48EADD1BB2186900636D4C /* Snowcast */ = {
			isa = PBXNativeTarget;
			buildConfigurationList = 5D48EAF01BB2186900636D4C /* Build configuration list for PBXNativeTarget "Snowcast" */;
			buildPhases = (
				5D48EADA1BB2186900636D4C /* Sources */,
				5D48EADB1BB2186900636D4C /* Frameworks */,
				5D48EADC1BB2186900636D4C /* Resources */,
			);
			buildRules = (
			);
			dependencies = (
			);
			name = Snowcast;
			productName = Snowcast;
			productReference = 5D48EADE1BB2186900636D4C /* Snowcast.app */;
			productType = "com.apple.product-type.application";
		};
/* End PBXNativeTarget section */

/* Begin PBXProject section */
		5D48EAD61BB2186800636D4C /* Project object */ = {
			isa = PBXProject;
			attributes = {
				LastUpgradeCheck = 0700;
				ORGANIZATIONNAME = "Ryan Coughlin";
				TargetAttributes = {
					5D48EADD1BB2186900636D4C = {
						CreatedOnToolsVersion = 7.0;
					};
				};
			};
			buildConfigurationList = 5D48EAD91BB2186800636D4C /* Build configuration list for PBXProject "Snowcast" */;
			compatibilityVersion = "Xcode 3.2";
			developmentRegion = English;
			hasScannedForEncodings = 0;
			knownRegions = (
				en,
				Base,
			);
			mainGroup = 5D48EAD51BB2186800636D4C;
			productRefGroup = 5D48EADF1BB2186900636D4C /* Products */;
			projectDirPath = "";
			projectRoot = "";
			targets = (
				5D48EADD1BB2186900636D4C /* Snowcast */,
			);
		};
/* End PBXProject section */

/* Begin PBXResourcesBuildPhase section */
		5D48EADC1BB2186900636D4C /* Resources */ = {
			isa = PBXResourcesBuildPhase;
			buildActionMask = 2147483647;
			files = (
				5D48EAEC1BB2186900636D4C /* LaunchScreen.storyboard in Resources */,
				5D48EAE91BB2186900636D4C /* Assets.xcassets in Resources */,
				5D4E7AC31BB30B85002DF996 /* Main.storyboard in Resources */,
			);
			runOnlyForDeploymentPostprocessing = 0;
		};
/* End PBXResourcesBuildPhase section */

/* Begin PBXSourcesBuildPhase section */
		5D48EADA1BB2186900636D4C /* Sources */ = {
			isa = PBXSourcesBuildPhase;
			buildActionMask = 2147483647;
			files = (
				5D7EE0D21BB3102D00706879 /* ViewController.swift in Sources */,
				5D48EAE21BB2186900636D4C /* AppDelegate.swift in Sources */,
				5D11183B1BB22248001B2A28 /* UserLocation.swift in Sources */,
			);
			runOnlyForDeploymentPostprocessing = 0;
		};
/* End PBXSourcesBuildPhase section */

/* Begin PBXVariantGroup section */
		5D48EAEA1BB2186900636D4C /* LaunchScreen.storyboard */ = {
			isa = PBXVariantGroup;
			children = (
				5D48EAEB1BB2186900636D4C /* Base */,
			);
			name = LaunchScreen.storyboard;
			sourceTree = "<group>";
		};
/* End PBXVariantGroup section */

/* Begin XCBuildConfiguration section */
		5D48EAEE1BB2186900636D4C /* Debug */ = {
			isa = XCBuildConfiguration;
			buildSettings = {
				ALWAYS_SEARCH_USER_PATHS = NO;
				CLANG_CXX_LANGUAGE_STANDARD = "gnu++0x";
				CLANG_CXX_LIBRARY = "libc++";
				CLANG_ENABLE_MODULES = YES;
				CLANG_ENABLE_OBJC_ARC = YES;
				CLANG_WARN_BOOL_CONVERSION = YES;
				CLANG_WARN_CONSTANT_CONVERSION = YES;
				CLANG_WARN_DIRECT_OBJC_ISA_USAGE = YES_ERROR;
				CLANG_WARN_EMPTY_BODY = YES;
				CLANG_WARN_ENUM_CONVERSION = YES;
				CLANG_WARN_INT_CONVERSION = YES;
				CLANG_WARN_OBJC_ROOT_CLASS = YES_ERROR;
				CLANG_WARN_UNREACHABLE_CODE = YES;
				CLANG_WARN__DUPLICATE_METHOD_MATCH = YES;
				"CODE_SIGN_IDENTITY[sdk=iphoneos*]" = "iPhone Developer";
				COPY_PHASE_STRIP = NO;
				DEBUG_INFORMATION_FORMAT = dwarf;
				ENABLE_STRICT_OBJC_MSGSEND = YES;
				ENABLE_TESTABILITY = YES;
				GCC_C_LANGUAGE_STANDARD = gnu99;
				GCC_DYNAMIC_NO_PIC = NO;
				GCC_NO_COMMON_BLOCKS = YES;
				GCC_OPTIMIZATION_LEVEL = 0;
				GCC_PREPROCESSOR_DEFINITIONS = (
					"DEBUG=1",
					"$(inherited)",
				);
				GCC_WARN_64_TO_32_BIT_CONVERSION = YES;
				GCC_WARN_ABOUT_RETURN_TYPE = YES_ERROR;
				GCC_WARN_UNDECLARED_SELECTOR = YES;
				GCC_WARN_UNINITIALIZED_AUTOS = YES_AGGRESSIVE;
				GCC_WARN_UNUSED_FUNCTION = YES;
				GCC_WARN_UNUSED_VARIABLE = YES;
				IPHONEOS_DEPLOYMENT_TARGET = 9.0;
				MTL_ENABLE_DEBUG_INFO = YES;
				ONLY_ACTIVE_ARCH = YES;
				SDKROOT = iphoneos;
				SWIFT_OPTIMIZATION_LEVEL = "-Onone";
				TARGETED_DEVICE_FAMILY = "1,2";
			};
			name = Debug;
		};
		5D48EAEF1BB2186900636D4C /* Release */ = {
			isa = XCBuildConfiguration;
			buildSettings = {
				ALWAYS_SEARCH_USER_PATHS = NO;
				CLANG_CXX_LANGUAGE_STANDARD = "gnu++0x";
				CLANG_CXX_LIBRARY = "libc++";
				CLANG_ENABLE_MODULES = YES;
				CLANG_ENABLE_OBJC_ARC = YES;
				CLANG_WARN_BOOL_CONVERSION = YES;
				CLANG_WARN_CONSTANT_CONVERSION = YES;
				CLANG_WARN_DIRECT_OBJC_ISA_USAGE = YES_ERROR;
				CLANG_WARN_EMPTY_BODY = YES;
				CLANG_WARN_ENUM_CONVERSION = YES;
				CLANG_WARN_INT_CONVERSION = YES;
				CLANG_WARN_OBJC_ROOT_CLASS = YES_ERROR;
				CLANG_WARN_UNREACHABLE_CODE = YES;
				CLANG_WARN__DUPLICATE_METHOD_MATCH = YES;
				"CODE_SIGN_IDENTITY[sdk=iphoneos*]" = "iPhone Developer";
				COPY_PHASE_STRIP = NO;
				DEBUG_INFORMATION_FORMAT = "dwarf-with-dsym";
				ENABLE_NS_ASSERTIONS = NO;
				ENABLE_STRICT_OBJC_MSGSEND = YES;
				GCC_C_LANGUAGE_STANDARD = gnu99;
				GCC_NO_COMMON_BLOCKS = YES;
				GCC_WARN_64_TO_32_BIT_CONVERSION = YES;
				GCC_WARN_ABOUT_RETURN_TYPE = YES_ERROR;
				GCC_WARN_UNDECLARED_SELECTOR = YES;
				GCC_WARN_UNINITIALIZED_AUTOS = YES_AGGRESSIVE;
				GCC_WARN_UNUSED_FUNCTION = YES;
				GCC_WARN_UNUSED_VARIABLE = YES;
				IPHONEOS_DEPLOYMENT_TARGET = 9.0;
				MTL_ENABLE_DEBUG_INFO = NO;
				SDKROOT = iphoneos;
				TARGETED_DEVICE_FAMILY = "1,2";
				VALIDATE_PRODUCT = YES;
			};
			name = Release;
		};
		5D48EAF11BB2186900636D4C /* Debug */ = {
			isa = XCBuildConfiguration;
			buildSettings = {
				ASSETCATALOG_COMPILER_APPICON_NAME = AppIcon;
				INFOPLIST_FILE = Snowcast/Info.plist;
				IPHONEOS_DEPLOYMENT_TARGET = 9.0;
				LD_RUNPATH_SEARCH_PATHS = "$(inherited) @executable_path/Frameworks";
				PRODUCT_BUNDLE_IDENTIFIER = catonthecouch.Snowcast;
				PRODUCT_NAME = "$(TARGET_NAME)";
			};
			name = Debug;
		};
		5D48EAF21BB2186900636D4C /* Release */ = {
			isa = XCBuildConfiguration;
			buildSettings = {
				ASSETCATALOG_COMPILER_APPICON_NAME = AppIcon;
				INFOPLIST_FILE = Snowcast/Info.plist;
				IPHONEOS_DEPLOYMENT_TARGET = 9.0;
				LD_RUNPATH_SEARCH_PATHS = "$(inherited) @executable_path/Frameworks";
				PRODUCT_BUNDLE_IDENTIFIER = catonthecouch.Snowcast;
				PRODUCT_NAME = "$(TARGET_NAME)";
			};
			name = Release;
		};
/* End XCBuildConfiguration section */

/* Begin XCConfigurationList section */
		5D48EAD91BB2186800636D4C /* Build configuration list for PBXProject "Snowcast" */ = {
			isa = XCConfigurationList;
			buildConfigurations = (
				5D48EAEE1BB2186900636D4C /* Debug */,
				5D48EAEF1BB2186900636D4C /* Release */,
			);
			defaultConfigurationIsVisible = 0;
			defaultConfigurationName = Release;
		};
		5D48EAF01BB2186900636D4C /* Build configuration list for PBXNativeTarget "Snowcast" */ = {
			isa = XCConfigurationList;
			buildConfigurations = (
				5D48EAF11BB2186900636D4C /* Debug */,
				5D48EAF21BB2186900636D4C /* Release */,
			);
			defaultConfigurationIsVisible = 0;
			defaultConfigurationName = Release;
		};
/* End XCConfigurationList section */
	};
	rootObject = 5D48EAD61BB2186800636D4C /* Project object */;
}
