// !$*UTF8*$!
{
	archiveVersion = 1;
	classes = {
	};
	objectVersion = 46;
	objects = {

/* Begin PBXBuildFile section */
		5D634C9A1BB37CCC0084C198 /* Alamofire.framework in Copy Frameworks */ = {isa = PBXBuildFile; fileRef = 5DE70D7B1BB3799F004E6755 /* Alamofire.framework */; settings = {ATTRIBUTES = (CodeSignOnCopy, RemoveHeadersOnCopy, ); }; };
		5D634C9C1BB37DCA0084C198 /* AppDelegate.swift in Sources */ = {isa = PBXBuildFile; fileRef = 5D634C9B1BB37DCA0084C198 /* AppDelegate.swift */; settings = {ASSET_TAGS = (); }; };
		5D634C9F1BB37DDB0084C198 /* RequestSnowData.swift in Sources */ = {isa = PBXBuildFile; fileRef = 5D634C9D1BB37DDB0084C198 /* RequestSnowData.swift */; settings = {ASSET_TAGS = (); }; };
		5D634CA01BB37DDB0084C198 /* UserLocation.swift in Sources */ = {isa = PBXBuildFile; fileRef = 5D634C9E1BB37DDB0084C198 /* UserLocation.swift */; settings = {ASSET_TAGS = (); }; };
		5D634CA21BB37DE00084C198 /* ViewController.swift in Sources */ = {isa = PBXBuildFile; fileRef = 5D634CA11BB37DE00084C198 /* ViewController.swift */; settings = {ASSET_TAGS = (); }; };
		5D634CA41BB37DE90084C198 /* Assets.xcassets in Resources */ = {isa = PBXBuildFile; fileRef = 5D634CA31BB37DE90084C198 /* Assets.xcassets */; settings = {ASSET_TAGS = (); }; };
		5D634CA81BB37E0C0084C198 /* Main.storyboard in Resources */ = {isa = PBXBuildFile; fileRef = 5D634CA71BB37E0C0084C198 /* Main.storyboard */; settings = {ASSET_TAGS = (); }; };
		5D634CAC1BB37E570084C198 /* Info.plist in Resources */ = {isa = PBXBuildFile; fileRef = 5D634CAB1BB37E570084C198 /* Info.plist */; settings = {ASSET_TAGS = (); }; };
		5D634CAE1BB37E770084C198 /* Launch Screen.storyboard in Resources */ = {isa = PBXBuildFile; fileRef = 5D634CAD1BB37E770084C198 /* Launch Screen.storyboard */; settings = {ASSET_TAGS = (); }; };
		5DE70D7C1BB3799F004E6755 /* Alamofire.framework in Frameworks */ = {isa = PBXBuildFile; fileRef = 5DE70D7B1BB3799F004E6755 /* Alamofire.framework */; };
/* End PBXBuildFile section */

/* Begin PBXCopyFilesBuildPhase section */
		5D634C991BB37CB50084C198 /* Copy Frameworks */ = {
			isa = PBXCopyFilesBuildPhase;
			buildActionMask = 2147483647;
			dstPath = "";
			dstSubfolderSpec = 10;
			files = (
				5D634C9A1BB37CCC0084C198 /* Alamofire.framework in Copy Frameworks */,
			);
			name = "Copy Frameworks";
			runOnlyForDeploymentPostprocessing = 0;
		};
/* End PBXCopyFilesBuildPhase section */

/* Begin PBXFileReference section */
		5D48EADE1BB2186900636D4C /* Snowcast.app */ = {isa = PBXFileReference; explicitFileType = wrapper.application; includeInIndex = 0; path = Snowcast.app; sourceTree = BUILT_PRODUCTS_DIR; };
		5D634C9B1BB37DCA0084C198 /* AppDelegate.swift */ = {isa = PBXFileReference; fileEncoding = 4; lastKnownFileType = sourcecode.swift; path = AppDelegate.swift; sourceTree = SOURCE_ROOT; };
		5D634C9D1BB37DDB0084C198 /* RequestSnowData.swift */ = {isa = PBXFileReference; fileEncoding = 4; lastKnownFileType = sourcecode.swift; name = RequestSnowData.swift; path = Services/RequestSnowData.swift; sourceTree = SOURCE_ROOT; };
		5D634C9E1BB37DDB0084C198 /* UserLocation.swift */ = {isa = PBXFileReference; fileEncoding = 4; lastKnownFileType = sourcecode.swift; name = UserLocation.swift; path = Services/UserLocation.swift; sourceTree = SOURCE_ROOT; };
		5D634CA11BB37DE00084C198 /* ViewController.swift */ = {isa = PBXFileReference; fileEncoding = 4; lastKnownFileType = sourcecode.swift; path = ViewController.swift; sourceTree = SOURCE_ROOT; };
		5D634CA31BB37DE90084C198 /* Assets.xcassets */ = {isa = PBXFileReference; lastKnownFileType = folder.assetcatalog; path = Assets.xcassets; sourceTree = SOURCE_ROOT; };
		5D634CA71BB37E0C0084C198 /* Main.storyboard */ = {isa = PBXFileReference; fileEncoding = 4; lastKnownFileType = file.storyboard; name = Main.storyboard; path = Storyboards/Main.storyboard; sourceTree = SOURCE_ROOT; };
		5D634CAB1BB37E570084C198 /* Info.plist */ = {isa = PBXFileReference; fileEncoding = 4; lastKnownFileType = text.plist.xml; path = Info.plist; sourceTree = SOURCE_ROOT; };
		5D634CAD1BB37E770084C198 /* Launch Screen.storyboard */ = {isa = PBXFileReference; fileEncoding = 4; lastKnownFileType = file.storyboard; name = "Launch Screen.storyboard"; path = "../Storyboards/Launch Screen.storyboard"; sourceTree = "<group>"; };
		5DE70D7B1BB3799F004E6755 /* Alamofire.framework */ = {isa = PBXFileReference; lastKnownFileType = wrapper.framework; name = Alamofire.framework; path = ../Carthage/Build/iOS/Alamofire.framework; sourceTree = "<group>"; };
/* End PBXFileReference section */

/* Begin PBXFrameworksBuildPhase section */
		5D48EADB1BB2186900636D4C /* Frameworks */ = {
			isa = PBXFrameworksBuildPhase;
			buildActionMask = 2147483647;
			files = (
				5DE70D7C1BB3799F004E6755 /* Alamofire.framework in Frameworks */,
			);
			runOnlyForDeploymentPostprocessing = 0;
		};
/* End PBXFrameworksBuildPhase section */

/* Begin PBXGroup section */
		5D11183C1BB2224E001B2A28 /* Services */ = {
			isa = PBXGroup;
			children = (
				5D634C9D1BB37DDB0084C198 /* RequestSnowData.swift */,
				5D634C9E1BB37DDB0084C198 /* UserLocation.swift */,
			);
			name = Services;
			sourceTree = "<group>";
		};
		5D48EAD51BB2186800636D4C = {
			isa = PBXGroup;
			children = (
				5D48EAE01BB2186900636D4C /* Snowcast */,
				5D48EADF1BB2186900636D4C /* Products */,
				A505DF292D1532F27BFFE664 /* Frameworks */,
			);
			sourceTree = "<group>";
		};
		5D48EADF1BB2186900636D4C /* Products */ = {
			isa = PBXGroup;
			children = (
				5D48EADE1BB2186900636D4C /* Snowcast.app */,
			);
			name = Products;
			sourceTree = "<group>";
		};
		5D48EAE01BB2186900636D4C /* Snowcast */ = {
			isa = PBXGroup;
			children = (
				5D634C9B1BB37DCA0084C198 /* AppDelegate.swift */,
				5D6041131BB36B5100DE92E3 /* ViewControllers */,
				5D11183C1BB2224E001B2A28 /* Services */,
				5D634CA31BB37DE90084C198 /* Assets.xcassets */,
				5D6041121BB36B4700DE92E3 /* Storyboard */,
			);
			path = Snowcast;
			sourceTree = "<group>";
		};
		5D6041121BB36B4700DE92E3 /* Storyboard */ = {
			isa = PBXGroup;
			children = (
				5D634CAD1BB37E770084C198 /* Launch Screen.storyboard */,
				5D634CA71BB37E0C0084C198 /* Main.storyboard */,
				5D634CAB1BB37E570084C198 /* Info.plist */,
			);
			name = Storyboard;
			sourceTree = "<group>";
		};
		5D6041131BB36B5100DE92E3 /* ViewControllers */ = {
			isa = PBXGroup;
			children = (
				5D634CA11BB37DE00084C198 /* ViewController.swift */,
			);
			name = ViewControllers;
			sourceTree = "<group>";
		};
		A505DF292D1532F27BFFE664 /* Frameworks */ = {
			isa = PBXGroup;
			children = (
				5DE70D7B1BB3799F004E6755 /* Alamofire.framework */,
			);
			name = Frameworks;
			sourceTree = "<group>";
		};
/* End PBXGroup section */

/* Begin PBXNativeTarget section */
		5D48EADD1BB2186900636D4C /* Snowcast */ = {
			isa = PBXNativeTarget;
			buildConfigurationList = 5D48EAF01BB2186900636D4C /* Build configuration list for PBXNativeTarget "Snowcast" */;
			buildPhases = (
				5D48EADA1BB2186900636D4C /* Sources */,
				5D48EADB1BB2186900636D4C /* Frameworks */,
				5D48EADC1BB2186900636D4C /* Resources */,
				5DE70D7D1BB379B3004E6755 /* Run Script */,
				5D634C991BB37CB50084C198 /* Copy Frameworks */,
			);
			buildRules = (
			);
			dependencies = (
			);
			name = Snowcast;
			productName = Snowcast;
			productReference = 5D48EADE1BB2186900636D4C /* Snowcast.app */;
			productType = "com.apple.product-type.application";
		};
/* End PBXNativeTarget section */

/* Begin PBXProject section */
		5D48EAD61BB2186800636D4C /* Project object */ = {
			isa = PBXProject;
			attributes = {
				LastUpgradeCheck = 0700;
				ORGANIZATIONNAME = "Ryan Coughlin";
				TargetAttributes = {
					5D48EADD1BB2186900636D4C = {
						CreatedOnToolsVersion = 7.0;
					};
				};
			};
			buildConfigurationList = 5D48EAD91BB2186800636D4C /* Build configuration list for PBXProject "Snowcast" */;
			compatibilityVersion = "Xcode 3.2";
			developmentRegion = English;
			hasScannedForEncodings = 0;
			knownRegions = (
				en,
				Base,
			);
			mainGroup = 5D48EAD51BB2186800636D4C;
			productRefGroup = 5D48EADF1BB2186900636D4C /* Products */;
			projectDirPath = "";
			projectRoot = "";
			targets = (
				5D48EADD1BB2186900636D4C /* Snowcast */,
			);
		};
/* End PBXProject section */

/* Begin PBXResourcesBuildPhase section */
		5D48EADC1BB2186900636D4C /* Resources */ = {
			isa = PBXResourcesBuildPhase;
			buildActionMask = 2147483647;
			files = (
				5D634CAC1BB37E570084C198 /* Info.plist in Resources */,
				5D634CA81BB37E0C0084C198 /* Main.storyboard in Resources */,
				5D634CAE1BB37E770084C198 /* Launch Screen.storyboard in Resources */,
				5D634CA41BB37DE90084C198 /* Assets.xcassets in Resources */,
			);
			runOnlyForDeploymentPostprocessing = 0;
		};
/* End PBXResourcesBuildPhase section */

/* Begin PBXShellScriptBuildPhase section */
		5DE70D7D1BB379B3004E6755 /* Run Script */ = {
			isa = PBXShellScriptBuildPhase;
			buildActionMask = 2147483647;
			files = (
			);
			inputPaths = (
				"$(SRCROOT)/Carthage/Build/iOS/Alamofire.framework",
			);
			name = "Run Script";
			outputPaths = (
			);
			runOnlyForDeploymentPostprocessing = 0;
			shellPath = /bin/sh;
			shellScript = "/usr/local/bin/carthage copy-frameworks\n";
		};
/* End PBXShellScriptBuildPhase section */

/* Begin PBXSourcesBuildPhase section */
		5D48EADA1BB2186900636D4C /* Sources */ = {
			isa = PBXSourcesBuildPhase;
			buildActionMask = 2147483647;
			files = (
				5D634C9F1BB37DDB0084C198 /* RequestSnowData.swift in Sources */,
				5D634CA01BB37DDB0084C198 /* UserLocation.swift in Sources */,
				5D634CA21BB37DE00084C198 /* ViewController.swift in Sources */,
				5D634C9C1BB37DCA0084C198 /* AppDelegate.swift in Sources */,
			);
			runOnlyForDeploymentPostprocessing = 0;
		};
/* End PBXSourcesBuildPhase section */

/* Begin XCBuildConfiguration section */
		5D48EAEF1BB2186900636D4C /* Release */ = {
			isa = XCBuildConfiguration;
			buildSettings = {
				ALWAYS_SEARCH_USER_PATHS = NO;
				CLANG_CXX_LANGUAGE_STANDARD = "gnu++0x";
				CLANG_CXX_LIBRARY = "libc++";
				CLANG_ENABLE_MODULES = YES;
				CLANG_ENABLE_OBJC_ARC = YES;
				CLANG_WARN_BOOL_CONVERSION = YES;
				CLANG_WARN_CONSTANT_CONVERSION = YES;
				CLANG_WARN_DIRECT_OBJC_ISA_USAGE = YES_ERROR;
				CLANG_WARN_EMPTY_BODY = YES;
				CLANG_WARN_ENUM_CONVERSION = YES;
				CLANG_WARN_INT_CONVERSION = YES;
				CLANG_WARN_OBJC_ROOT_CLASS = YES_ERROR;
				CLANG_WARN_UNREACHABLE_CODE = YES;
				CLANG_WARN__DUPLICATE_METHOD_MATCH = YES;
				"CODE_SIGN_IDENTITY[sdk=iphoneos*]" = "iPhone Developer";
				COPY_PHASE_STRIP = NO;
				DEBUG_INFORMATION_FORMAT = "dwarf-with-dsym";
				ENABLE_NS_ASSERTIONS = NO;
				ENABLE_STRICT_OBJC_MSGSEND = YES;
				GCC_C_LANGUAGE_STANDARD = gnu99;
				GCC_NO_COMMON_BLOCKS = YES;
				GCC_WARN_64_TO_32_BIT_CONVERSION = YES;
				GCC_WARN_ABOUT_RETURN_TYPE = YES_ERROR;
				GCC_WARN_UNDECLARED_SELECTOR = YES;
				GCC_WARN_UNINITIALIZED_AUTOS = YES_AGGRESSIVE;
				GCC_WARN_UNUSED_FUNCTION = YES;
				GCC_WARN_UNUSED_VARIABLE = YES;
				IPHONEOS_DEPLOYMENT_TARGET = 9.0;
				MTL_ENABLE_DEBUG_INFO = NO;
				SDKROOT = iphoneos;
				TARGETED_DEVICE_FAMILY = "1,2";
				VALIDATE_PRODUCT = YES;
			};
			name = Release;
		};
		5D48EAF21BB2186900636D4C /* Release */ = {
			isa = XCBuildConfiguration;
			buildSettings = {
				ASSETCATALOG_COMPILER_APPICON_NAME = AppIcon;
				FRAMEWORK_SEARCH_PATHS = "$(SRCROOT)/Carthage/build/iOS";
				INFOPLIST_FILE = "$(SRCROOT)/Info.plist";
				IPHONEOS_DEPLOYMENT_TARGET = 9.0;
				LD_RUNPATH_SEARCH_PATHS = "$(inherited) @executable_path/Frameworks";
				PRODUCT_BUNDLE_IDENTIFIER = catonthecouch.Snowcast;
				PRODUCT_NAME = "$(TARGET_NAME)";
			};
			name = Release;
		};
/* End XCBuildConfiguration section */

/* Begin XCConfigurationList section */
		5D48EAD91BB2186800636D4C /* Build configuration list for PBXProject "Snowcast" */ = {
			isa = XCConfigurationList;
			buildConfigurations = (
				5D48EAEF1BB2186900636D4C /* Release */,
			);
			defaultConfigurationIsVisible = 0;
			defaultConfigurationName = Release;
		};
		5D48EAF01BB2186900636D4C /* Build configuration list for PBXNativeTarget "Snowcast" */ = {
			isa = XCConfigurationList;
			buildConfigurations = (
				5D48EAF21BB2186900636D4C /* Release */,
			);
			defaultConfigurationIsVisible = 0;
			defaultConfigurationName = Release;
		};
/* End XCConfigurationList section */
	};
	rootObject = 5D48EAD61BB2186800636D4C /* Project object */;
}
